
Microsoft Visual Studio Solution File, Format Version 12.00
# Visual Studio Version 16
VisualStudioVersion = 16.0.31515.178
MinimumVisualStudioVersion = 10.0.40219.1
Project("{FAE04EC0-301F-11D3-BF4B-00C04F79EFBC}") = "AspNetCore.Options", "AspNetCore.Options\AspNetCore.Options.csproj", "{1015DD03-F065-4201-912B-5DD0F23E5490}"
EndProject
Global
	GlobalSection(SolutionConfigurationPlatforms) = preSolution
		Debug|Any CPU = Debug|Any CPU
		Release|Any CPU = Release|Any CPU
	EndGlobalSection
	GlobalSection(ProjectConfigurationPlatforms) = postSolution
		{1015DD03-F065-4201-912B-5DD0F23E5490}.Debug|Any CPU.ActiveCfg = Debug|Any CPU
		{1015DD03-F065-4201-912B-5DD0F23E5490}.Debug|Any CPU.Build.0 = Debug|Any CPU
		{1015DD03-F065-4201-912B-5DD0F23E5490}.Release|Any CPU.ActiveCfg = Release|Any CPU
		{1015DD03-F065-4201-912B-5DD0F23E5490}.Release|Any CPU.Build.0 = Release|Any CPU
	EndGlobalSection
	GlobalSection(SolutionProperties) = preSolution
		HideSolutionNode = FALSE
	EndGlobalSection
	GlobalSection(ExtensibilityGlobals) = postSolution
		SolutionGuid = {58F2A86B-6680-4B14-B4B7-228A1764ED4B}
	EndGlobalSection
EndGlobal
